{
  "lockfileVersion": 1,
  "configVersion": 1,
  "workspaces": {
    "": {
      "name": "slab-lang",
      "devDependencies": {
        "@biomejs/biome": "^2.0.0",
        "@codemirror/commands": "^6.10.4",
        "@codemirror/lang-json": "^6.0.2",
        "@codemirror/language": "^6.12.4",
        "@codemirror/lint": "^6.9.7",
        "@codemirror/state": "^6.7.1",
        "@codemirror/theme-one-dark": "^6.1.3",
        "@codemirror/view": "^6.43.6",
        "@lezer/highlight": "^1.2.3",
        "@stencil-hq/wslab": "workspace:*",
        "@types/node": "^20.0.0",
        "codemirror": "^6.0.2",
        "ghostty-web": "^0.4.0",
        "playwright": "^1.58.2",
        "stream-parser": "^0.3.1",
        "typescript": "^5.7.0",
      },
    },
    "clients/web": {
      "name": "@stencil-hq/wslab",
      "version": "1.1.0",
    },
    "packages/dslab": {
      "name": "@stencil-hq/dslab",
      "version": "1.0.0",
    },
    "packages/slab": {
      "name": "@stencil-hq/slab",
      "version": "1.1.0",
      "bin": {
        "slab": "./bin/slab.js",
      },
    },
    "tree-sitter-slab": {
      "name": "tree-sitter-slab",
      "version": "1.1.0",
      "devDependencies": {
        "tree-sitter-cli": "^0.25.6",
      },
    },
  },
  "packages": {
    "@biomejs/biome": ["@biomejs/biome@2.5.5", "", { "optionalDependencies": { "@biomejs/cli-darwin-arm64": "2.5.5", "@biomejs/cli-darwin-x64": "2.5.5", "@biomejs/cli-linux-arm64": "2.5.5", "@biomejs/cli-linux-arm64-musl": "2.5.5", "@biomejs/cli-linux-x64": "2.5.5", "@biomejs/cli-linux-x64-musl": "2.5.5", "@biomejs/cli-win32-arm64": "2.5.5", "@biomejs/cli-win32-x64": "2.5.5" }, "bin": { "biome": "bin/biome" } }, "sha512-r1S8nFsAG1MY+vJFZALzIvwXAJv6ejDQ0mxP21Tgr9YK3ZFtjrvbBwDdNhx1rUqvccEIeNg20cYCNzl6Cr69pQ=="],

    "@biomejs/cli-darwin-arm64": ["@biomejs/cli-darwin-arm64@2.5.5", "", { "os": "darwin", "cpu": "arm64" }, "sha512-kUrAhXVWUrwmAUnV2iXSK7umxKFysTwvqK+Ty6ptUcLY/7T3SnCAjUowE4uvwaEej6nXZ7hu/dTtbokKdsPeag=="],

    "@biomejs/cli-darwin-x64": ["@biomejs/cli-darwin-x64@2.5.5", "", { "os": "darwin", "cpu": "x64" }, "sha512-DamiYc5bUYZ2uxlfc+RLEPtz1Abb6PO5eTbOkufLpSGwd/7AMQAdxhFYiXmwwkJL8IsT8S7GvdgwDHqaMFAvKw=="],

    "@biomejs/cli-linux-arm64": ["@biomejs/cli-linux-arm64@2.5.5", "", { "os": "linux", "cpu": "arm64" }, "sha512-lRKF/pH/1RiYiBKExi3TCZVAtvzEm77aifrvcNiDFrR9WxeAnDUjDnseb6y2XV85mjitLs6SILGm2XG77cHtSQ=="],

    "@biomejs/cli-linux-arm64-musl": ["@biomejs/cli-linux-arm64-musl@2.5.5", "", { "os": "linux", "cpu": "arm64" }, "sha512-U4WMl/sy/E/Q73vf15VspakLRRs2LDFcCeBxJnQfXzssb88zpV6PJPaQ3ezhQ7H6Ht2/8bvuZeHgJWzmoxllZg=="],

    "@biomejs/cli-linux-x64": ["@biomejs/cli-linux-x64@2.5.5", "", { "os": "linux", "cpu": "x64" }, "sha512-H/O39nJEw/2Zm/fm7hrmxxoF8kK/aU1uCoPp70ruXVbomaAdLpJJnCmL11Q2JotT8QVHH06So04Oq53lCSwSwQ=="],

    "@biomejs/cli-linux-x64-musl": ["@biomejs/cli-linux-x64-musl@2.5.5", "", { "os": "linux", "cpu": "x64" }, "sha512-m7wC7tjX5Lrmo69dc4md8FeKpPU1NTCY1v7xUoQQ2vadWwNnBS0KZOG8471otFPHrTHihQJAjQPgMObpLvDe6A=="],

    "@biomejs/cli-win32-arm64": ["@biomejs/cli-win32-arm64@2.5.5", "", { "os": "win32", "cpu": "arm64" }, "sha512-7BryINPuYypLUAH3o/o5ZdgomJ4zn3EDR0ChZJst7n32S6ZhKbgHXuYydLu+YAnx59ehGFR0z/MG6qnzQi3Yyw=="],

    "@biomejs/cli-win32-x64": ["@biomejs/cli-win32-x64@2.5.5", "", { "os": "win32", "cpu": "x64" }, "sha512-bIBFo+n6MIxdNcVFy5CrurbKiZQiUciK3bt8+O9I4wjFZNTfXLpi+giq47522eXqW5NBc9ulx7dR1SlZKi2J5g=="],

    "@codemirror/autocomplete": ["@codemirror/autocomplete@6.20.3", "", { "dependencies": { "@codemirror/language": "^6.0.0", "@codemirror/state": "^6.0.0", "@codemirror/view": "^6.17.0", "@lezer/common": "^1.0.0" } }, "sha512-tlosUqb+3BbxCxZdu4tKeRghPFC+QM7q4X5YhKV2eCmPG+1r2F3f4AaSz5sCrFqUtX4Jh20VFTKecl16MgiV9g=="],

    "@codemirror/commands": ["@codemirror/commands@6.10.4", "", { "dependencies": { "@codemirror/language": "^6.0.0", "@codemirror/state": "^6.7.0", "@codemirror/view": "^6.27.0", "@lezer/common": "^1.1.0" } }, "sha512-Ryk9y9T0FFVF0cUGhAknveAyUOl/A1qReTFi+qPKtOh2Z9F4AUBz3XOrYD4ZEgZirdugVzHvd/2/Wcwy5OliTg=="],

    "@codemirror/lang-json": ["@codemirror/lang-json@6.0.2", "", { "dependencies": { "@codemirror/language": "^6.0.0", "@lezer/json": "^1.0.0" } }, "sha512-x2OtO+AvwEHrEwR0FyyPtfDUiloG3rnVTSZV1W8UteaLL8/MajQd8DpvUb2YVzC+/T18aSDv0H9mu+xw0EStoQ=="],

    "@codemirror/language": ["@codemirror/language@6.12.4", "", { "dependencies": { "@codemirror/state": "^6.0.0", "@codemirror/view": "^6.23.0", "@lezer/common": "^1.5.0", "@lezer/highlight": "^1.0.0", "@lezer/lr": "^1.0.0", "style-mod": "^4.0.0" } }, "sha512-1q4PaT+o6PbgpkJt4Q8Fv5XJxTy4FUZ4MWETtyiDw3J0Pyr9E2vqcKL+k9wcvjNTIsauxvE7OfmWj3FRPHQ76A=="],

    "@codemirror/lint": ["@codemirror/lint@6.9.7", "", { "dependencies": { "@codemirror/state": "^6.0.0", "@codemirror/view": "^6.42.0", "crelt": "^1.0.5" } }, "sha512-28/+iWLYxKxsvGYhSYL7zaCZqLz5+FFFDq9tVsvGv9kv8RY4fFAchJ5WX9M3YrrRlTIsECjsXPqeNgnSmNP2dg=="],

    "@codemirror/search": ["@codemirror/search@6.7.1", "", { "dependencies": { "@codemirror/state": "^6.0.0", "@codemirror/view": "^6.37.0", "crelt": "^1.0.5" } }, "sha512-uMe5UO6PamJtSHrXhhHOzSX3ReWtiJrva6GnPMwSOrZtiExb5X5eExhr2OUZQVvdxPsKpY3Ro2mFbQadpPWmHA=="],

    "@codemirror/state": ["@codemirror/state@6.7.1", "", { "dependencies": { "@marijn/find-cluster-break": "^1.0.0" } }, "sha512-9QzNDgE4EYDnAHfrTlR2lwiPciiOymLtwKK+8yHQzCc7GXhAP9xdEbEJFy2IWB1j9UGUl9BsgMmTo/ImA02T7A=="],

    "@codemirror/theme-one-dark": ["@codemirror/theme-one-dark@6.1.3", "", { "dependencies": { "@codemirror/language": "^6.0.0", "@codemirror/state": "^6.0.0", "@codemirror/view": "^6.0.0", "@lezer/highlight": "^1.0.0" } }, "sha512-NzBdIvEJmx6fjeremiGp3t/okrLPYT0d9orIc7AFun8oZcRk58aejkqhv6spnz4MLAevrKNPMQYXEWMg4s+sKA=="],

    "@codemirror/view": ["@codemirror/view@6.43.6", "", { "dependencies": { "@codemirror/state": "^6.7.0", "crelt": "^1.0.6", "style-mod": "^4.1.0", "w3c-keyname": "^2.2.4" } }, "sha512-EVunGSYN1wz1p75WY1s3Xg7t3i8Yol0kGZGizNdX9BUFgMFILYVe8/u6EVpo7Ff5PwbZuILb4QAq7IZoKzIEQA=="],

    "@lezer/common": ["@lezer/common@1.5.2", "", {}, "sha512-sxQE460fPZyU3sdc8lafxiPwJHBzZRy/udNFynGQky1SePYBdhkBl1kOagA9uT3pxR8K09bOrmTUqA9wb/PjSQ=="],

    "@lezer/highlight": ["@lezer/highlight@1.2.3", "", { "dependencies": { "@lezer/common": "^1.3.0" } }, "sha512-qXdH7UqTvGfdVBINrgKhDsVTJTxactNNxLk7+UMwZhU13lMHaOBlJe9Vqp907ya56Y3+ed2tlqzys7jDkTmW0g=="],

    "@lezer/json": ["@lezer/json@1.0.3", "", { "dependencies": { "@lezer/common": "^1.2.0", "@lezer/highlight": "^1.0.0", "@lezer/lr": "^1.0.0" } }, "sha512-BP9KzdF9Y35PDpv04r0VeSTKDeox5vVr3efE7eBbx3r4s3oNLfunchejZhjArmeieBH+nVOpgIiBJpEAv8ilqQ=="],

    "@lezer/lr": ["@lezer/lr@1.4.10", "", { "dependencies": { "@lezer/common": "^1.0.0" } }, "sha512-rnCpTIBafOx4mRp43xOxDJbFipJm/c0cia/V5TiGlhmMa+wsSdoGmUN3w5Bqrks/09Q/D4tNAmWaT8p6NRi77A=="],

    "@marijn/find-cluster-break": ["@marijn/find-cluster-break@1.0.3", "", {}, "sha512-FY+MKLBoTsLNJF/eLWaOsXGdz6uh3Iu1axjPf6TUq92IYumcTcXWHoS747JARLkcdlJ/Waiaxc5wQfFO8jC6NA=="],

    "@stencil-hq/dslab": ["@stencil-hq/dslab@workspace:packages/dslab"],

    "@stencil-hq/slab": ["@stencil-hq/slab@workspace:packages/slab"],

    "@stencil-hq/wslab": ["@stencil-hq/wslab@workspace:clients/web"],

    "@types/node": ["@types/node@20.19.43", "", { "dependencies": { "undici-types": "~6.21.0" } }, "sha512-6oYBAi5ikg4Pl+kGsoYtawUMBT2zZMCvPNF7pVLnHZfd1zf38DRiWn/gT01RYCdUqkv7Fhr+C9ot4/tb+2sVvA=="],

    "codemirror": ["codemirror@6.0.2", "", { "dependencies": { "@codemirror/autocomplete": "^6.0.0", "@codemirror/commands": "^6.0.0", "@codemirror/language": "^6.0.0", "@codemirror/lint": "^6.0.0", "@codemirror/search": "^6.0.0", "@codemirror/state": "^6.0.0", "@codemirror/view": "^6.0.0" } }, "sha512-VhydHotNW5w1UGK0Qj96BwSk/Zqbp9WbnyK2W/eVMv4QyF41INRGpjUhFJY7/uDNuudSc33a/PKr4iDqRduvHw=="],

    "crelt": ["crelt@1.0.7", "", {}, "sha512-aK6BbWfhf4U/wCcLHKPJl/xa6VkVstRaPywWtMKGwuOLc/wZTyQYuoxgvZnNsBvv7Kg3YTBQYYBCggcviQczuA=="],

    "debug": ["debug@2.6.9", "", { "dependencies": { "ms": "2.0.0" } }, "sha512-bC7ElrdJaJnPbAP+1EotYvqZsb3ecl5wi6Bfi6BJTUcNowp6cvspg0jXznRTKDjm/E7AdgFBVeAPVMNcKGsHMA=="],

    "fsevents": ["fsevents@2.3.2", "", { "os": "darwin" }, "sha512-xiqMQR4xAeHTuB9uWm+fFRcIOgKBMiOBP+eXiyT7jsgVCq1bkVygt00oASowB7EdtpOHaaPgKt812P9ab+DDKA=="],

    "ghostty-web": ["ghostty-web@0.4.0", "", {}, "sha512-0puDBik2qapbD/QQBW9o5ZHfXnZBqZWx/ctBiVtKZ6ZLds4NYb+wZuw1cRLXZk9zYovIQ908z3rvFhexAvc5Hg=="],

    "ms": ["ms@2.0.0", "", {}, "sha512-Tpp60P6IUJDTuOq/5Z8cdskzJujfwqfOTkrwIwj7IRISpnkJnT6SyJ4PCPnGMoFjC9ddhal5KVIYtAt97ix05A=="],

    "playwright": ["playwright@1.61.1", "", { "dependencies": { "playwright-core": "1.61.1" }, "optionalDependencies": { "fsevents": "2.3.2" }, "bin": { "playwright": "cli.js" } }, "sha512-DWnY5o3YbLWK4GovuAVwpqL+1VwGNdUGrRr++8j8PtQQzvAVZUIMjKQ90fY689sEJZJBbZVw1rXaOKSTitkzPQ=="],

    "playwright-core": ["playwright-core@1.61.1", "", { "bin": { "playwright-core": "cli.js" } }, "sha512-h7Qlt6m4REp25qvIdvbDtVmD4LqVXfpRxhORv9L0jzETM05p4fuPJ3dKyuSXQxDSbXnmS79HAgi9589lGSpLkg=="],

    "stream-parser": ["stream-parser@0.3.1", "", { "dependencies": { "debug": "2" } }, "sha512-bJ/HgKq41nlKvlhccD5kaCr/P+Hu0wPNKPJOH7en+YrJu/9EgqUF+88w5Jb6KNcjOFMhfX4B2asfeAtIGuHObQ=="],

    "style-mod": ["style-mod@4.1.3", "", {}, "sha512-i/n8VsZydrugj3Iuzll8+x/00GH2vnYsk1eomD8QiRrSAeW6ItbCQDtfXCeJHd0iwiNagqjQkvpvREEPtW3IoQ=="],

    "tree-sitter-cli": ["tree-sitter-cli@0.25.10", "", { "bin": { "tree-sitter": "cli.js" } }, "sha512-KoebQguKMCIghisEOdA372TIbrUl0kdnfZ9YQIBRAeOvNSKe85XbU4LuFW7hduRUwJj0rAG7pX5wo9sZhbBF1g=="],

    "tree-sitter-slab": ["tree-sitter-slab@workspace:tree-sitter-slab"],

    "typescript": ["typescript@5.9.3", "", { "bin": { "tsc": "bin/tsc", "tsserver": "bin/tsserver" } }, "sha512-jl1vZzPDinLr9eUt3J/t7V6FgNEw9QjvBPdysz9KfQDD41fQrC2Y4vKQdiaUpFT4bXlb1RHhLpp8wtm6M5TgSw=="],

    "undici-types": ["undici-types@6.21.0", "", {}, "sha512-iwDZqg0QAGrg9Rav5H4n0M64c3mkR59cJ6wQp+7C4nI0gsmExaedaYLNO44eT4AtBBwjbTiGPMlt2Md0T9H9JQ=="],

    "w3c-keyname": ["w3c-keyname@2.2.8", "", {}, "sha512-dpojBhNsCNN7T82Tm7k26A6G9ML3NkhDsnw9n/eoxSRlVBB4CEtIQ/KTCLI2Fwf3ataSXRhYFkQi3SlnFwPvPQ=="],
  }
}
